
Microsoft Visual Studio Solution File, Format Version 12.00
# Visual Studio Version 17
VisualStudioVersion = 17.14.36301.6 d17.14
MinimumVisualStudioVersion = 10.0.40219.1
Project("{FAE04EC0-301F-11D3-BF4B-00C04F79EFBC}") = "FootballBooking_BE", "FootballBooking_BE.csproj", "{1E4804A5-C6D0-41D8-86DF-2CB22D9D1D03}"
EndProject
Global
	GlobalSection(SolutionConfigurationPlatforms) = preSolution
		Debug|Any CPU = Debug|Any CPU
		Release|Any CPU = Release|Any CPU
	EndGlobalSection
	GlobalSection(ProjectConfigurationPlatforms) = postSolution
		{1E4804A5-C6D0-41D8-86DF-2CB22D9D1D03}.Debug|Any CPU.ActiveCfg = Debug|Any CPU
		{1E4804A5-C6D0-41D8-86DF-2CB22D9D1D03}.Debug|Any CPU.Build.0 = Debug|Any CPU
		{1E4804A5-C6D0-41D8-86DF-2CB22D9D1D03}.Release|Any CPU.ActiveCfg = Release|Any CPU
		{1E4804A5-C6D0-41D8-86DF-2CB22D9D1D03}.Release|Any CPU.Build.0 = Release|Any CPU
	EndGlobalSection
	GlobalSection(SolutionProperties) = preSolution
		HideSolutionNode = FALSE
	EndGlobalSection
	GlobalSection(ExtensibilityGlobals) = postSolution
		SolutionGuid = {8399D3BB-B11B-4ED9-9738-E503B0C51703}
	EndGlobalSection
EndGlobal
